
Microsoft Visual Studio Solution File, Format Version 12.00
# Visual Studio 2013
VisualStudioVersion = 12.0.21005.1
MinimumVisualStudioVersion = 10.0.40219.1
Project("{2150E333-8FDC-42A3-9474-1A3956D46DE8}") = "Framework", "Framework", "{A4D53B53-0FD2-4D8D-9930-6FD5C459B3E0}"
EndProject
Project("{2150E333-8FDC-42A3-9474-1A3956D46DE8}") = "Frontend", "Frontend", "{BBED3C04-DAFC-4368-BEAF-6189AC1DCD58}"
EndProject
Project("{2150E333-8FDC-42A3-9474-1A3956D46DE8}") = "Backend", "Backend", "{E5B31E26-D13C-49F4-A22D-0E530946A19D}"
EndProject
Project("{FAE04EC0-301F-11D3-BF4B-00C04F79EFBC}") = "ABATS.AppsTalk.Core", "Framework\ABATS.AppsTalk.Core\ABATS.AppsTalk.Core.csproj", "{EF444266-0646-416C-98E7-2E11B20C48A8}"
EndProject
Project("{FAE04EC0-301F-11D3-BF4B-00C04F79EFBC}") = "ABATS.AppsTalk.Data", "Framework\ABATS.AppsTalk.Data\ABATS.AppsTalk.Data.csproj", "{174EBFBF-C96C-422E-AC60-790C8972C300}"
EndProject
Project("{FAE04EC0-301F-11D3-BF4B-00C04F79EFBC}") = "ABATS.AppsTalk.Runtime", "Framework\ABATS.AppsTalk.Runtime\ABATS.AppsTalk.Runtime.csproj", "{70522496-67F1-4C43-8A88-1A4E1CC9C99F}"
EndProject
Project("{FAE04EC0-301F-11D3-BF4B-00C04F79EFBC}") = "ABATS.AppsTalk.UX", "Framework\ABATS.AppsTalk.UX\ABATS.AppsTalk.UX.csproj", "{9CDCCCCB-7196-4670-9B2B-31A3873592ED}"
EndProject
Project("{FAE04EC0-301F-11D3-BF4B-00C04F79EFBC}") = "ABATS.AppsTalk.Presentation", "Frontend\ABATS.AppsTalk.Presentation\ABATS.AppsTalk.Presentation.csproj", "{E2811A73-A9DB-48FE-A947-18E7BA8BDA65}"
EndProject
Project("{FAE04EC0-301F-11D3-BF4B-00C04F79EFBC}") = "ABATS.AppsTalk", "Frontend\ABATS.AppsTalk\ABATS.AppsTalk.csproj", "{0269F077-B168-4A79-AF0A-0BFD87FADC33}"
EndProject
Project("{FAE04EC0-301F-11D3-BF4B-00C04F79EFBC}") = "ABATS.AppsTalk.Launcher", "Backend\ABATS.AppsTalk.Launcher\ABATS.AppsTalk.Launcher.csproj", "{67554264-276E-42B8-A190-3248690FA886}"
EndProject
Project("{FAE04EC0-301F-11D3-BF4B-00C04F79EFBC}") = "AppsTalkWebService", "Backend\AppsTalkWebService\AppsTalkWebService.csproj", "{2109F7D5-5F9B-49E4-A525-1039765E8694}"
EndProject
Project("{2150E333-8FDC-42A3-9474-1A3956D46DE8}") = "Adapters", "Adapters", "{1D6649B5-43A7-4483-AF29-6FB6177A91CE}"
EndProject
Project("{FAE04EC0-301F-11D3-BF4B-00C04F79EFBC}") = "ABATS.AppsTalk.Adapters.WincashWSAdapter", "Adapters\ABATS.AppsTalk.Adapters.WincashWSAdapter\ABATS.AppsTalk.Adapters.WincashWSAdapter.csproj", "{74C147CD-FD26-4778-9711-DB112044970B}"
EndProject
Global
	GlobalSection(TeamFoundationVersionControl) = preSolution
		SccNumberOfProjects = 10
		SccEnterpriseProvider = {4CA58AB2-18FA-4F8D-95D4-32DDF27D184C}
		SccTeamFoundationServer = https://kamhawy.visualstudio.com/defaultcollection
		SccLocalPath0 = .
		SccProjectUniqueName1 = Backend\\ABATS.AppsTalk.Launcher\\ABATS.AppsTalk.Launcher.csproj
		SccProjectTopLevelParentUniqueName1 = ABATS.AppsTalk.sln
		SccProjectName1 = Backend/ABATS.AppsTalk.Launcher
		SccLocalPath1 = Backend\\ABATS.AppsTalk.Launcher
		SccProjectUniqueName2 = Framework\\ABATS.AppsTalk.Core\\ABATS.AppsTalk.Core.csproj
		SccProjectTopLevelParentUniqueName2 = ABATS.AppsTalk.sln
		SccProjectName2 = Framework/ABATS.AppsTalk.Core
		SccLocalPath2 = Framework\\ABATS.AppsTalk.Core
		SccProjectUniqueName3 = Framework\\ABATS.AppsTalk.Data\\ABATS.AppsTalk.Data.csproj
		SccProjectTopLevelParentUniqueName3 = ABATS.AppsTalk.sln
		SccProjectName3 = Framework/ABATS.AppsTalk.Data
		SccLocalPath3 = Framework\\ABATS.AppsTalk.Data
		SccProjectUniqueName4 = Framework\\ABATS.AppsTalk.Runtime\\ABATS.AppsTalk.Runtime.csproj
		SccProjectTopLevelParentUniqueName4 = ABATS.AppsTalk.sln
		SccProjectName4 = Framework/ABATS.AppsTalk.Runtime
		SccLocalPath4 = Framework\\ABATS.AppsTalk.Runtime
		SccProjectUniqueName5 = Framework\\ABATS.AppsTalk.UX\\ABATS.AppsTalk.UX.csproj
		SccProjectTopLevelParentUniqueName5 = ABATS.AppsTalk.sln
		SccProjectName5 = Framework/ABATS.AppsTalk.UX
		SccLocalPath5 = Framework\\ABATS.AppsTalk.UX
		SccProjectUniqueName6 = Frontend\\ABATS.AppsTalk.Presentation\\ABATS.AppsTalk.Presentation.csproj
		SccProjectTopLevelParentUniqueName6 = ABATS.AppsTalk.sln
		SccProjectName6 = Frontend/ABATS.AppsTalk.Presentation
		SccLocalPath6 = Frontend\\ABATS.AppsTalk.Presentation
		SccProjectUniqueName7 = Frontend\\ABATS.AppsTalk\\ABATS.AppsTalk.csproj
		SccProjectTopLevelParentUniqueName7 = ABATS.AppsTalk.sln
		SccProjectName7 = Frontend/ABATS.AppsTalk
		SccLocalPath7 = Frontend\\ABATS.AppsTalk
		SccProjectUniqueName8 = Backend\\AppsTalkWebService\\AppsTalkWebService.csproj
		SccProjectTopLevelParentUniqueName8 = ABATS.AppsTalk.sln
		SccProjectName8 = Backend/AppsTalkWebService
		SccLocalPath8 = Backend\\AppsTalkWebService
		SccProjectUniqueName9 = Adapters\\ABATS.AppsTalk.Adapters.WincashWSAdapter\\ABATS.AppsTalk.Adapters.WincashWSAdapter.csproj
		SccProjectTopLevelParentUniqueName9 = ABATS.AppsTalk.sln
		SccProjectName9 = Adapters/ABATS.AppsTalk.Adapters.WincashWSAdapter
		SccLocalPath9 = Adapters\\ABATS.AppsTalk.Adapters.WincashWSAdapter
	EndGlobalSection
	GlobalSection(SolutionConfigurationPlatforms) = preSolution
		Debug|Any CPU = Debug|Any CPU
		Debug|Mixed Platforms = Debug|Mixed Platforms
		Debug|x86 = Debug|x86
		Release|Any CPU = Release|Any CPU
		Release|Mixed Platforms = Release|Mixed Platforms
		Release|x86 = Release|x86
	EndGlobalSection
	GlobalSection(ProjectConfigurationPlatforms) = postSolution
		{EF444266-0646-416C-98E7-2E11B20C48A8}.Debug|Any CPU.ActiveCfg = Debug|Any CPU
		{EF444266-0646-416C-98E7-2E11B20C48A8}.Debug|Any CPU.Build.0 = Debug|Any CPU
		{EF444266-0646-416C-98E7-2E11B20C48A8}.Debug|Mixed Platforms.ActiveCfg = Debug|Any CPU
		{EF444266-0646-416C-98E7-2E11B20C48A8}.Debug|Mixed Platforms.Build.0 = Debug|Any CPU
		{EF444266-0646-416C-98E7-2E11B20C48A8}.Debug|x86.ActiveCfg = Debug|Any CPU
		{EF444266-0646-416C-98E7-2E11B20C48A8}.Release|Any CPU.ActiveCfg = Release|Any CPU
		{EF444266-0646-416C-98E7-2E11B20C48A8}.Release|Any CPU.Build.0 = Release|Any CPU
		{EF444266-0646-416C-98E7-2E11B20C48A8}.Release|Mixed Platforms.ActiveCfg = Release|Any CPU
		{EF444266-0646-416C-98E7-2E11B20C48A8}.Release|Mixed Platforms.Build.0 = Release|Any CPU
		{EF444266-0646-416C-98E7-2E11B20C48A8}.Release|x86.ActiveCfg = Release|Any CPU
		{174EBFBF-C96C-422E-AC60-790C8972C300}.Debug|Any CPU.ActiveCfg = Debug|Any CPU
		{174EBFBF-C96C-422E-AC60-790C8972C300}.Debug|Any CPU.Build.0 = Debug|Any CPU
		{174EBFBF-C96C-422E-AC60-790C8972C300}.Debug|Mixed Platforms.ActiveCfg = Debug|Any CPU
		{174EBFBF-C96C-422E-AC60-790C8972C300}.Debug|Mixed Platforms.Build.0 = Debug|Any CPU
		{174EBFBF-C96C-422E-AC60-790C8972C300}.Debug|x86.ActiveCfg = Debug|Any CPU
		{174EBFBF-C96C-422E-AC60-790C8972C300}.Release|Any CPU.ActiveCfg = Release|Any CPU
		{174EBFBF-C96C-422E-AC60-790C8972C300}.Release|Any CPU.Build.0 = Release|Any CPU
		{174EBFBF-C96C-422E-AC60-790C8972C300}.Release|Mixed Platforms.ActiveCfg = Release|Any CPU
		{174EBFBF-C96C-422E-AC60-790C8972C300}.Release|Mixed Platforms.Build.0 = Release|Any CPU
		{174EBFBF-C96C-422E-AC60-790C8972C300}.Release|x86.ActiveCfg = Release|Any CPU
		{70522496-67F1-4C43-8A88-1A4E1CC9C99F}.Debug|Any CPU.ActiveCfg = Debug|Any CPU
		{70522496-67F1-4C43-8A88-1A4E1CC9C99F}.Debug|Any CPU.Build.0 = Debug|Any CPU
		{70522496-67F1-4C43-8A88-1A4E1CC9C99F}.Debug|Mixed Platforms.ActiveCfg = Debug|Any CPU
		{70522496-67F1-4C43-8A88-1A4E1CC9C99F}.Debug|Mixed Platforms.Build.0 = Debug|Any CPU
		{70522496-67F1-4C43-8A88-1A4E1CC9C99F}.Debug|x86.ActiveCfg = Debug|Any CPU
		{70522496-67F1-4C43-8A88-1A4E1CC9C99F}.Release|Any CPU.ActiveCfg = Release|Any CPU
		{70522496-67F1-4C43-8A88-1A4E1CC9C99F}.Release|Any CPU.Build.0 = Release|Any CPU
		{70522496-67F1-4C43-8A88-1A4E1CC9C99F}.Release|Mixed Platforms.ActiveCfg = Release|Any CPU
		{70522496-67F1-4C43-8A88-1A4E1CC9C99F}.Release|Mixed Platforms.Build.0 = Release|Any CPU
		{70522496-67F1-4C43-8A88-1A4E1CC9C99F}.Release|x86.ActiveCfg = Release|Any CPU
		{9CDCCCCB-7196-4670-9B2B-31A3873592ED}.Debug|Any CPU.ActiveCfg = Debug|Any CPU
		{9CDCCCCB-7196-4670-9B2B-31A3873592ED}.Debug|Any CPU.Build.0 = Debug|Any CPU
		{9CDCCCCB-7196-4670-9B2B-31A3873592ED}.Debug|Mixed Platforms.ActiveCfg = Debug|Any CPU
		{9CDCCCCB-7196-4670-9B2B-31A3873592ED}.Debug|Mixed Platforms.Build.0 = Debug|Any CPU
		{9CDCCCCB-7196-4670-9B2B-31A3873592ED}.Debug|x86.ActiveCfg = Debug|Any CPU
		{9CDCCCCB-7196-4670-9B2B-31A3873592ED}.Release|Any CPU.ActiveCfg = Release|Any CPU
		{9CDCCCCB-7196-4670-9B2B-31A3873592ED}.Release|Any CPU.Build.0 = Release|Any CPU
		{9CDCCCCB-7196-4670-9B2B-31A3873592ED}.Release|Mixed Platforms.ActiveCfg = Release|Any CPU
		{9CDCCCCB-7196-4670-9B2B-31A3873592ED}.Release|Mixed Platforms.Build.0 = Release|Any CPU
		{9CDCCCCB-7196-4670-9B2B-31A3873592ED}.Release|x86.ActiveCfg = Release|Any CPU
		{E2811A73-A9DB-48FE-A947-18E7BA8BDA65}.Debug|Any CPU.ActiveCfg = Debug|Any CPU
		{E2811A73-A9DB-48FE-A947-18E7BA8BDA65}.Debug|Any CPU.Build.0 = Debug|Any CPU
		{E2811A73-A9DB-48FE-A947-18E7BA8BDA65}.Debug|Mixed Platforms.ActiveCfg = Debug|Any CPU
		{E2811A73-A9DB-48FE-A947-18E7BA8BDA65}.Debug|Mixed Platforms.Build.0 = Debug|Any CPU
		{E2811A73-A9DB-48FE-A947-18E7BA8BDA65}.Debug|x86.ActiveCfg = Debug|Any CPU
		{E2811A73-A9DB-48FE-A947-18E7BA8BDA65}.Release|Any CPU.ActiveCfg = Release|Any CPU
		{E2811A73-A9DB-48FE-A947-18E7BA8BDA65}.Release|Any CPU.Build.0 = Release|Any CPU
		{E2811A73-A9DB-48FE-A947-18E7BA8BDA65}.Release|Mixed Platforms.ActiveCfg = Release|Any CPU
		{E2811A73-A9DB-48FE-A947-18E7BA8BDA65}.Release|Mixed Platforms.Build.0 = Release|Any CPU
		{E2811A73-A9DB-48FE-A947-18E7BA8BDA65}.Release|x86.ActiveCfg = Release|Any CPU
		{0269F077-B168-4A79-AF0A-0BFD87FADC33}.Debug|Any CPU.ActiveCfg = Debug|Any CPU
		{0269F077-B168-4A79-AF0A-0BFD87FADC33}.Debug|Any CPU.Build.0 = Debug|Any CPU
		{0269F077-B168-4A79-AF0A-0BFD87FADC33}.Debug|Mixed Platforms.ActiveCfg = Debug|Any CPU
		{0269F077-B168-4A79-AF0A-0BFD87FADC33}.Debug|Mixed Platforms.Build.0 = Debug|Any CPU
		{0269F077-B168-4A79-AF0A-0BFD87FADC33}.Debug|x86.ActiveCfg = Debug|Any CPU
		{0269F077-B168-4A79-AF0A-0BFD87FADC33}.Release|Any CPU.ActiveCfg = Release|Any CPU
		{0269F077-B168-4A79-AF0A-0BFD87FADC33}.Release|Any CPU.Build.0 = Release|Any CPU
		{0269F077-B168-4A79-AF0A-0BFD87FADC33}.Release|Mixed Platforms.ActiveCfg = Release|Any CPU
		{0269F077-B168-4A79-AF0A-0BFD87FADC33}.Release|Mixed Platforms.Build.0 = Release|Any CPU
		{0269F077-B168-4A79-AF0A-0BFD87FADC33}.Release|x86.ActiveCfg = Release|Any CPU
		{67554264-276E-42B8-A190-3248690FA886}.Debug|Any CPU.ActiveCfg = Debug|x86
		{67554264-276E-42B8-A190-3248690FA886}.Debug|Mixed Platforms.ActiveCfg = Debug|x86
		{67554264-276E-42B8-A190-3248690FA886}.Debug|Mixed Platforms.Build.0 = Debug|x86
		{67554264-276E-42B8-A190-3248690FA886}.Debug|x86.ActiveCfg = Debug|x86
		{67554264-276E-42B8-A190-3248690FA886}.Debug|x86.Build.0 = Debug|x86
		{67554264-276E-42B8-A190-3248690FA886}.Release|Any CPU.ActiveCfg = Release|x86
		{67554264-276E-42B8-A190-3248690FA886}.Release|Mixed Platforms.ActiveCfg = Release|x86
		{67554264-276E-42B8-A190-3248690FA886}.Release|Mixed Platforms.Build.0 = Release|x86
		{67554264-276E-42B8-A190-3248690FA886}.Release|x86.ActiveCfg = Release|x86
		{67554264-276E-42B8-A190-3248690FA886}.Release|x86.Build.0 = Release|x86
		{2109F7D5-5F9B-49E4-A525-1039765E8694}.Debug|Any CPU.ActiveCfg = Debug|Any CPU
		{2109F7D5-5F9B-49E4-A525-1039765E8694}.Debug|Any CPU.Build.0 = Debug|Any CPU
		{2109F7D5-5F9B-49E4-A525-1039765E8694}.Debug|Mixed Platforms.ActiveCfg = Debug|Any CPU
		{2109F7D5-5F9B-49E4-A525-1039765E8694}.Debug|Mixed Platforms.Build.0 = Debug|Any CPU
		{2109F7D5-5F9B-49E4-A525-1039765E8694}.Debug|x86.ActiveCfg = Debug|Any CPU
		{2109F7D5-5F9B-49E4-A525-1039765E8694}.Release|Any CPU.ActiveCfg = Release|Any CPU
		{2109F7D5-5F9B-49E4-A525-1039765E8694}.Release|Any CPU.Build.0 = Release|Any CPU
		{2109F7D5-5F9B-49E4-A525-1039765E8694}.Release|Mixed Platforms.ActiveCfg = Release|Any CPU
		{2109F7D5-5F9B-49E4-A525-1039765E8694}.Release|Mixed Platforms.Build.0 = Release|Any CPU
		{2109F7D5-5F9B-49E4-A525-1039765E8694}.Release|x86.ActiveCfg = Release|Any CPU
		{74C147CD-FD26-4778-9711-DB112044970B}.Debug|Any CPU.ActiveCfg = Debug|Any CPU
		{74C147CD-FD26-4778-9711-DB112044970B}.Debug|Any CPU.Build.0 = Debug|Any CPU
		{74C147CD-FD26-4778-9711-DB112044970B}.Debug|Mixed Platforms.ActiveCfg = Debug|Any CPU
		{74C147CD-FD26-4778-9711-DB112044970B}.Debug|Mixed Platforms.Build.0 = Debug|Any CPU
		{74C147CD-FD26-4778-9711-DB112044970B}.Debug|x86.ActiveCfg = Debug|Any CPU
		{74C147CD-FD26-4778-9711-DB112044970B}.Release|Any CPU.ActiveCfg = Release|Any CPU
		{74C147CD-FD26-4778-9711-DB112044970B}.Release|Any CPU.Build.0 = Release|Any CPU
		{74C147CD-FD26-4778-9711-DB112044970B}.Release|Mixed Platforms.ActiveCfg = Release|Any CPU
		{74C147CD-FD26-4778-9711-DB112044970B}.Release|Mixed Platforms.Build.0 = Release|Any CPU
		{74C147CD-FD26-4778-9711-DB112044970B}.Release|x86.ActiveCfg = Release|Any CPU
	EndGlobalSection
	GlobalSection(SolutionProperties) = preSolution
		HideSolutionNode = FALSE
	EndGlobalSection
	GlobalSection(NestedProjects) = preSolution
		{EF444266-0646-416C-98E7-2E11B20C48A8} = {A4D53B53-0FD2-4D8D-9930-6FD5C459B3E0}
		{174EBFBF-C96C-422E-AC60-790C8972C300} = {A4D53B53-0FD2-4D8D-9930-6FD5C459B3E0}
		{70522496-67F1-4C43-8A88-1A4E1CC9C99F} = {A4D53B53-0FD2-4D8D-9930-6FD5C459B3E0}
		{9CDCCCCB-7196-4670-9B2B-31A3873592ED} = {A4D53B53-0FD2-4D8D-9930-6FD5C459B3E0}
		{E2811A73-A9DB-48FE-A947-18E7BA8BDA65} = {BBED3C04-DAFC-4368-BEAF-6189AC1DCD58}
		{0269F077-B168-4A79-AF0A-0BFD87FADC33} = {BBED3C04-DAFC-4368-BEAF-6189AC1DCD58}
		{67554264-276E-42B8-A190-3248690FA886} = {E5B31E26-D13C-49F4-A22D-0E530946A19D}
		{2109F7D5-5F9B-49E4-A525-1039765E8694} = {E5B31E26-D13C-49F4-A22D-0E530946A19D}
		{74C147CD-FD26-4778-9711-DB112044970B} = {1D6649B5-43A7-4483-AF29-6FB6177A91CE}
	EndGlobalSection
EndGlobal
